// !$*UTF8*$!
{
	archiveVersion = 1;
	classes = {
	};
	objectVersion = 46;
	objects = {

/* Begin PBXBuildFile section */
		311336B11D0EB1D5005ADC38 /* main.m in Sources */ = {isa = PBXBuildFile; fileRef = 311336B01D0EB1D5005ADC38 /* main.m */; };
		311336B41D0EB1D5005ADC38 /* AppDelegate.m in Sources */ = {isa = PBXBuildFile; fileRef = 311336B31D0EB1D5005ADC38 /* AppDelegate.m */; };
		311336BC1D0EB1D6005ADC38 /* Assets.xcassets in Resources */ = {isa = PBXBuildFile; fileRef = 311336BB1D0EB1D6005ADC38 /* Assets.xcassets */; };
		311336BF1D0EB1D6005ADC38 /* LaunchScreen.storyboard in Resources */ = {isa = PBXBuildFile; fileRef = 311336BD1D0EB1D6005ADC38 /* LaunchScreen.storyboard */; };
		311336CA1D0EB1D6005ADC38 /* GaoDeMapAddOverlay_DemoTests.m in Sources */ = {isa = PBXBuildFile; fileRef = 311336C91D0EB1D6005ADC38 /* GaoDeMapAddOverlay_DemoTests.m */; };
		311336D51D0EB1D6005ADC38 /* GaoDeMapAddOverlay_DemoUITests.m in Sources */ = {isa = PBXBuildFile; fileRef = 311336D41D0EB1D6005ADC38 /* GaoDeMapAddOverlay_DemoUITests.m */; };
		311336E41D0EB1E9005ADC38 /* CustomAnnotationViewController.m in Sources */ = {isa = PBXBuildFile; fileRef = 311336E31D0EB1E9005ADC38 /* CustomAnnotationViewController.m */; };
		311336E71D0EB234005ADC38 /* CusAnnotationView.m in Sources */ = {isa = PBXBuildFile; fileRef = 311336E61D0EB234005ADC38 /* CusAnnotationView.m */; };
		311336E91D0EBB39005ADC38 /* blue.png in Resources */ = {isa = PBXBuildFile; fileRef = 311336E81D0EBB39005ADC38 /* blue.png */; };
		7A7A6641E02F65974B493D3F /* libPods.a in Frameworks */ = {isa = PBXBuildFile; fileRef = C062A63475386A9E5AF25285 /* libPods.a */; };
/* End PBXBuildFile section */

/* Begin PBXContainerItemProxy section */
		311336C61D0EB1D6005ADC38 /* PBXContainerItemProxy */ = {
			isa = PBXContainerItemProxy;
			containerPortal = 311336A41D0EB1D5005ADC38 /* Project object */;
			proxyType = 1;
			remoteGlobalIDString = 311336AB1D0EB1D5005ADC38;
			remoteInfo = GaoDeMapAddOverlay_Demo;
		};
		311336D11D0EB1D6005ADC38 /* PBXContainerItemProxy */ = {
			isa = PBXContainerItemProxy;
			containerPortal = 311336A41D0EB1D5005ADC38 /* Project object */;
			proxyType = 1;
			remoteGlobalIDString = 311336AB1D0EB1D5005ADC38;
			remoteInfo = GaoDeMapAddOverlay_Demo;
		};
/* End PBXContainerItemProxy section */

/* Begin PBXFileReference section */
		0BD300BD82109424095967DF /* Pods.debug.xcconfig */ = {isa = PBXFileReference; includeInIndex = 1; lastKnownFileType = text.xcconfig; name = Pods.debug.xcconfig; path = "Pods/Target Support Files/Pods/Pods.debug.xcconfig"; sourceTree = "<group>"; };
		2B65E9B930A584BB41714E3C /* Pods.release.xcconfig */ = {isa = PBXFileReference; includeInIndex = 1; lastKnownFileType = text.xcconfig; name = Pods.release.xcconfig; path = "Pods/Target Support Files/Pods/Pods.release.xcconfig"; sourceTree = "<group>"; };
		311336AC1D0EB1D5005ADC38 /* GaoDeMapAddOverlay_Demo.app */ = {isa = PBXFileReference; explicitFileType = wrapper.application; includeInIndex = 0; path = GaoDeMapAddOverlay_Demo.app; sourceTree = BUILT_PRODUCTS_DIR; };
		311336B01D0EB1D5005ADC38 /* main.m */ = {isa = PBXFileReference; lastKnownFileType = sourcecode.c.objc; path = main.m; sourceTree = "<group>"; };
		311336B21D0EB1D5005ADC38 /* AppDelegate.h */ = {isa = PBXFileReference; lastKnownFileType = sourcecode.c.h; path = AppDelegate.h; sourceTree = "<group>"; };
		311336B31D0EB1D5005ADC38 /* AppDelegate.m */ = {isa = PBXFileReference; lastKnownFileType = sourcecode.c.objc; path = AppDelegate.m; sourceTree = "<group>"; };
		311336BB1D0EB1D6005ADC38 /* Assets.xcassets */ = {isa = PBXFileReference; lastKnownFileType = folder.assetcatalog; path = Assets.xcassets; sourceTree = "<group>"; };
		311336BE1D0EB1D6005ADC38 /* Base */ = {isa = PBXFileReference; lastKnownFileType = file.storyboard; name = Base; path = Base.lproj/LaunchScreen.storyboard; sourceTree = "<group>"; };
		311336C01D0EB1D6005ADC38 /* Info.plist */ = {isa = PBXFileReference; lastKnownFileType = text.plist.xml; path = Info.plist; sourceTree = "<group>"; };
		311336C51D0EB1D6005ADC38 /* GaoDeMapAddOverlay_DemoTests.xctest */ = {isa = PBXFileReference; explicitFileType = wrapper.cfbundle; includeInIndex = 0; path = GaoDeMapAddOverlay_DemoTests.xctest; sourceTree = BUILT_PRODUCTS_DIR; };
		311336C91D0EB1D6005ADC38 /* GaoDeMapAddOverlay_DemoTests.m */ = {isa = PBXFileReference; lastKnownFileType = sourcecode.c.objc; path = GaoDeMapAddOverlay_DemoTests.m; sourceTree = "<group>"; };
		311336CB1D0EB1D6005ADC38 /* Info.plist */ = {isa = PBXFileReference; lastKnownFileType = text.plist.xml; path = Info.plist; sourceTree = "<group>"; };
		311336D01D0EB1D6005ADC38 /* GaoDeMapAddOverlay_DemoUITests.xctest */ = {isa = PBXFileReference; explicitFileType = wrapper.cfbundle; includeInIndex = 0; path = GaoDeMapAddOverlay_DemoUITests.xctest; sourceTree = BUILT_PRODUCTS_DIR; };
		311336D41D0EB1D6005ADC38 /* GaoDeMapAddOverlay_DemoUITests.m */ = {isa = PBXFileReference; lastKnownFileType = sourcecode.c.objc; path = GaoDeMapAddOverlay_DemoUITests.m; sourceTree = "<group>"; };
		311336D61D0EB1D6005ADC38 /* Info.plist */ = {isa = PBXFileReference; lastKnownFileType = text.plist.xml; path = Info.plist; sourceTree = "<group>"; };
		311336E21D0EB1E9005ADC38 /* CustomAnnotationViewController.h */ = {isa = PBXFileReference; fileEncoding = 4; lastKnownFileType = sourcecode.c.h; path = CustomAnnotationViewController.h; sourceTree = "<group>"; };
		311336E31D0EB1E9005ADC38 /* CustomAnnotationViewController.m */ = {isa = PBXFileReference; fileEncoding = 4; lastKnownFileType = sourcecode.c.objc; path = CustomAnnotationViewController.m; sourceTree = "<group>"; };
		311336E51D0EB234005ADC38 /* CusAnnotationView.h */ = {isa = PBXFileReference; fileEncoding = 4; lastKnownFileType = sourcecode.c.h; path = CusAnnotationView.h; sourceTree = "<group>"; };
		311336E61D0EB234005ADC38 /* CusAnnotationView.m */ = {isa = PBXFileReference; fileEncoding = 4; lastKnownFileType = sourcecode.c.objc; path = CusAnnotationView.m; sourceTree = "<group>"; };
		311336E81D0EBB39005ADC38 /* blue.png */ = {isa = PBXFileReference; lastKnownFileType = image.png; path = blue.png; sourceTree = "<group>"; };
		C062A63475386A9E5AF25285 /* libPods.a */ = {isa = PBXFileReference; explicitFileType = archive.ar; includeInIndex = 0; path = libPods.a; sourceTree = BUILT_PRODUCTS_DIR; };
/* End PBXFileReference section */

/* Begin PBXFrameworksBuildPhase section */
		311336A91D0EB1D5005ADC38 /* Frameworks */ = {
			isa = PBXFrameworksBuildPhase;
			buildActionMask = 2147483647;
			files = (
				7A7A6641E02F65974B493D3F /* libPods.a in Frameworks */,
			);
			runOnlyForDeploymentPostprocessing = 0;
		};
		311336C21D0EB1D6005ADC38 /* Frameworks */ = {
			isa = PBXFrameworksBuildPhase;
			buildActionMask = 2147483647;
			files = (
			);
			runOnlyForDeploymentPostprocessing = 0;
		};
		311336CD1D0EB1D6005ADC38 /* Frameworks */ = {
			isa = PBXFrameworksBuildPhase;
			buildActionMask = 2147483647;
			files = (
			);
			runOnlyForDeploymentPostprocessing = 0;
		};
/* End PBXFrameworksBuildPhase section */

/* Begin PBXGroup section */
		25B85E41ECAFCD0F765C9ABE /* Pods */ = {
			isa = PBXGroup;
			children = (
				0BD300BD82109424095967DF /* Pods.debug.xcconfig */,
				2B65E9B930A584BB41714E3C /* Pods.release.xcconfig */,
			);
			name = Pods;
			sourceTree = "<group>";
		};
		311336A31D0EB1D5005ADC38 = {
			isa = PBXGroup;
			children = (
				311336AE1D0EB1D5005ADC38 /* GaoDeMapAddOverlay_Demo */,
				311336C81D0EB1D6005ADC38 /* GaoDeMapAddOverlay_DemoTests */,
				311336D31D0EB1D6005ADC38 /* GaoDeMapAddOverlay_DemoUITests */,
				311336AD1D0EB1D5005ADC38 /* Products */,
				25B85E41ECAFCD0F765C9ABE /* Pods */,
				AB6C99C3856C43F4795FBC8F /* Frameworks */,
			);
			sourceTree = "<group>";
		};
		311336AD1D0EB1D5005ADC38 /* Products */ = {
			isa = PBXGroup;
			children = (
				311336AC1D0EB1D5005ADC38 /* GaoDeMapAddOverlay_Demo.app */,
				311336C51D0EB1D6005ADC38 /* GaoDeMapAddOverlay_DemoTests.xctest */,
				311336D01D0EB1D6005ADC38 /* GaoDeMapAddOverlay_DemoUITests.xctest */,
			);
			name = Products;
			sourceTree = "<group>";
		};
		311336AE1D0EB1D5005ADC38 /* GaoDeMapAddOverlay_Demo */ = {
			isa = PBXGroup;
			children = (
				311336E81D0EBB39005ADC38 /* blue.png */,
				311336B21D0EB1D5005ADC38 /* AppDelegate.h */,
				311336B31D0EB1D5005ADC38 /* AppDelegate.m */,
				311336E21D0EB1E9005ADC38 /* CustomAnnotationViewController.h */,
				311336E31D0EB1E9005ADC38 /* CustomAnnotationViewController.m */,
				311336E51D0EB234005ADC38 /* CusAnnotationView.h */,
				311336E61D0EB234005ADC38 /* CusAnnotationView.m */,
				311336BB1D0EB1D6005ADC38 /* Assets.xcassets */,
				311336BD1D0EB1D6005ADC38 /* LaunchScreen.storyboard */,
				311336C01D0EB1D6005ADC38 /* Info.plist */,
				311336AF1D0EB1D5005ADC38 /* Supporting Files */,
			);
			path = GaoDeMapAddOverlay_Demo;
			sourceTree = "<group>";
		};
		311336AF1D0EB1D5005ADC38 /* Supporting Files */ = {
			isa = PBXGroup;
			children = (
				311336B01D0EB1D5005ADC38 /* main.m */,
			);
			name = "Supporting Files";
			sourceTree = "<group>";
		};
		311336C81D0EB1D6005ADC38 /* GaoDeMapAddOverlay_DemoTests */ = {
			isa = PBXGroup;
			children = (
				311336C91D0EB1D6005ADC38 /* GaoDeMapAddOverlay_DemoTests.m */,
				311336CB1D0EB1D6005ADC38 /* Info.plist */,
			);
			path = GaoDeMapAddOverlay_DemoTests;
			sourceTree = "<group>";
		};
		311336D31D0EB1D6005ADC38 /* GaoDeMapAddOverlay_DemoUITests */ = {
			isa = PBXGroup;
			children = (
				311336D41D0EB1D6005ADC38 /* GaoDeMapAddOverlay_DemoUITests.m */,
				311336D61D0EB1D6005ADC38 /* Info.plist */,
			);
			path = GaoDeMapAddOverlay_DemoUITests;
			sourceTree = "<group>";
		};
		AB6C99C3856C43F4795FBC8F /* Frameworks */ = {
			isa = PBXGroup;
			children = (
				C062A63475386A9E5AF25285 /* libPods.a */,
			);
			name = Frameworks;
			sourceTree = "<group>";
		};
/* End PBXGroup section */

/* Begin PBXNativeTarget section */
		311336AB1D0EB1D5005ADC38 /* GaoDeMapAddOverlay_Demo */ = {
			isa = PBXNativeTarget;
			buildConfigurationList = 311336D91D0EB1D6005ADC38 /* Build configuration list for PBXNativeTarget "GaoDeMapAddOverlay_Demo" */;
			buildPhases = (
				B4C8B21E018DD06BB306EA2F /* Check Pods Manifest.lock */,
				311336A81D0EB1D5005ADC38 /* Sources */,
				311336A91D0EB1D5005ADC38 /* Frameworks */,
				311336AA1D0EB1D5005ADC38 /* Resources */,
				8AD1A3CD80BEAB4A24E5C49A /* Embed Pods Frameworks */,
				A3D7CE5BF8975A1864F01B7A /* Copy Pods Resources */,
			);
			buildRules = (
			);
			dependencies = (
			);
			name = GaoDeMapAddOverlay_Demo;
			productName = GaoDeMapAddOverlay_Demo;
			productReference = 311336AC1D0EB1D5005ADC38 /* GaoDeMapAddOverlay_Demo.app */;
			productType = "com.apple.product-type.application";
		};
		311336C41D0EB1D6005ADC38 /* GaoDeMapAddOverlay_DemoTests */ = {
			isa = PBXNativeTarget;
			buildConfigurationList = 311336DC1D0EB1D6005ADC38 /* Build configuration list for PBXNativeTarget "GaoDeMapAddOverlay_DemoTests" */;
			buildPhases = (
				311336C11D0EB1D6005ADC38 /* Sources */,
				311336C21D0EB1D6005ADC38 /* Frameworks */,
				311336C31D0EB1D6005ADC38 /* Resources */,
			);
			buildRules = (
			);
			dependencies = (
				311336C71D0EB1D6005ADC38 /* PBXTargetDependency */,
			);
			name = GaoDeMapAddOverlay_DemoTests;
			productName = GaoDeMapAddOverlay_DemoTests;
			productReference = 311336C51D0EB1D6005ADC38 /* GaoDeMapAddOverlay_DemoTests.xctest */;
			productType = "com.apple.product-type.bundle.unit-test";
		};
		311336CF1D0EB1D6005ADC38 /* GaoDeMapAddOverlay_DemoUITests */ = {
			isa = PBXNativeTarget;
			buildConfigurationList = 311336DF1D0EB1D6005ADC38 /* Build configuration list for PBXNativeTarget "GaoDeMapAddOverlay_DemoUITests" */;
			buildPhases = (
				311336CC1D0EB1D6005ADC38 /* Sources */,
				311336CD1D0EB1D6005ADC38 /* Frameworks */,
				311336CE1D0EB1D6005ADC38 /* Resources */,
			);
			buildRules = (
			);
			dependencies = (
				311336D21D0EB1D6005ADC38 /* PBXTargetDependency */,
			);
			name = GaoDeMapAddOverlay_DemoUITests;
			productName = GaoDeMapAddOverlay_DemoUITests;
			productReference = 311336D01D0EB1D6005ADC38 /* GaoDeMapAddOverlay_DemoUITests.xctest */;
			productType = "com.apple.product-type.bundle.ui-testing";
		};
/* End PBXNativeTarget section */

/* Begin PBXProject section */
		311336A41D0EB1D5005ADC38 /* Project object */ = {
			isa = PBXProject;
			attributes = {
				LastUpgradeCheck = 0730;
				ORGANIZATIONNAME = Kevin;
				TargetAttributes = {
					311336AB1D0EB1D5005ADC38 = {
						CreatedOnToolsVersion = 7.3.1;
						DevelopmentTeam = X3KMA4YEY3;
					};
					311336C41D0EB1D6005ADC38 = {
						CreatedOnToolsVersion = 7.3.1;
						TestTargetID = 311336AB1D0EB1D5005ADC38;
					};
					311336CF1D0EB1D6005ADC38 = {
						CreatedOnToolsVersion = 7.3.1;
						TestTargetID = 311336AB1D0EB1D5005ADC38;
					};
				};
			};
			buildConfigurationList = 311336A71D0EB1D5005ADC38 /* Build configuration list for PBXProject "GaoDeMapAddOverlay_Demo" */;
			compatibilityVersion = "Xcode 3.2";
			developmentRegion = English;
			hasScannedForEncodings = 0;
			knownRegions = (
				en,
				Base,
			);
			mainGroup = 311336A31D0EB1D5005ADC38;
			productRefGroup = 311336AD1D0EB1D5005ADC38 /* Products */;
			projectDirPath = "";
			projectRoot = "";
			targets = (
				311336AB1D0EB1D5005ADC38 /* GaoDeMapAddOverlay_Demo */,
				311336C41D0EB1D6005ADC38 /* GaoDeMapAddOverlay_DemoTests */,
				311336CF1D0EB1D6005ADC38 /* GaoDeMapAddOverlay_DemoUITests */,
			);
		};
/* End PBXProject section */

/* Begin PBXResourcesBuildPhase section */
		311336AA1D0EB1D5005ADC38 /* Resources */ = {
			isa = PBXResourcesBuildPhase;
			buildActionMask = 2147483647;
			files = (
				311336BF1D0EB1D6005ADC38 /* LaunchScreen.storyboard in Resources */,
				311336BC1D0EB1D6005ADC38 /* Assets.xcassets in Resources */,
				311336E91D0EBB39005ADC38 /* blue.png in Resources */,
			);
			runOnlyForDeploymentPostprocessing = 0;
		};
		311336C31D0EB1D6005ADC38 /* Resources */ = {
			isa = PBXResourcesBuildPhase;
			buildActionMask = 2147483647;
			files = (
			);
			runOnlyForDeploymentPostprocessing = 0;
		};
		311336CE1D0EB1D6005ADC38 /* Resources */ = {
			isa = PBXResourcesBuildPhase;
			buildActionMask = 2147483647;
			files = (
			);
			runOnlyForDeploymentPostprocessing = 0;
		};
/* End PBXResourcesBuildPhase section */

/* Begin PBXShellScriptBuildPhase section */
		8AD1A3CD80BEAB4A24E5C49A /* Embed Pods Frameworks */ = {
			isa = PBXShellScriptBuildPhase;
			buildActionMask = 2147483647;
			files = (
			);
			inputPaths = (
			);
			name = "Embed Pods Frameworks";
			outputPaths = (
			);
			runOnlyForDeploymentPostprocessing = 0;
			shellPath = /bin/sh;
			shellScript = "\"${SRCROOT}/Pods/Target Support Files/Pods/Pods-frameworks.sh\"\n";
			showEnvVarsInLog = 0;
		};
		A3D7CE5BF8975A1864F01B7A /* Copy Pods Resources */ = {
			isa = PBXShellScriptBuildPhase;
			buildActionMask = 2147483647;
			files = (
			);
			inputPaths = (
			);
			name = "Copy Pods Resources";
			outputPaths = (
			);
			runOnlyForDeploymentPostprocessing = 0;
			shellPath = /bin/sh;
			shellScript = "\"${SRCROOT}/Pods/Target Support Files/Pods/Pods-resources.sh\"\n";
			showEnvVarsInLog = 0;
		};
		B4C8B21E018DD06BB306EA2F /* Check Pods Manifest.lock */ = {
			isa = PBXShellScriptBuildPhase;
			buildActionMask = 2147483647;
			files = (
			);
			inputPaths = (
			);
			name = "Check Pods Manifest.lock";
			outputPaths = (
			);
			runOnlyForDeploymentPostprocessing = 0;
			shellPath = /bin/sh;
			shellScript = "diff \"${PODS_ROOT}/../Podfile.lock\" \"${PODS_ROOT}/Manifest.lock\" > /dev/null\nif [[ $? != 0 ]] ; then\n    cat << EOM\nerror: The sandbox is not in sync with the Podfile.lock. Run 'pod install' or update your CocoaPods installation.\nEOM\n    exit 1\nfi\n";
			showEnvVarsInLog = 0;
		};
/* End PBXShellScriptBuildPhase section */

/* Begin PBXSourcesBuildPhase section */
		311336A81D0EB1D5005ADC38 /* Sources */ = {
			isa = PBXSourcesBuildPhase;
			buildActionMask = 2147483647;
			files = (
				311336E41D0EB1E9005ADC38 /* CustomAnnotationViewController.m in Sources */,
				311336E71D0EB234005ADC38 /* CusAnnotationView.m in Sources */,
				311336B41D0EB1D5005ADC38 /* AppDelegate.m in Sources */,
				311336B11D0EB1D5005ADC38 /* main.m in Sources */,
			);
			runOnlyForDeploymentPostprocessing = 0;
		};
		311336C11D0EB1D6005ADC38 /* Sources */ = {
			isa = PBXSourcesBuildPhase;
			buildActionMask = 2147483647;
			files = (
				311336CA1D0EB1D6005ADC38 /* GaoDeMapAddOverlay_DemoTests.m in Sources */,
			);
			runOnlyForDeploymentPostprocessing = 0;
		};
		311336CC1D0EB1D6005ADC38 /* Sources */ = {
			isa = PBXSourcesBuildPhase;
			buildActionMask = 2147483647;
			files = (
				311336D51D0EB1D6005ADC38 /* GaoDeMapAddOverlay_DemoUITests.m in Sources */,
			);
			runOnlyForDeploymentPostprocessing = 0;
		};
/* End PBXSourcesBuildPhase section */

/* Begin PBXTargetDependency section */
		311336C71D0EB1D6005ADC38 /* PBXTargetDependency */ = {
			isa = PBXTargetDependency;
			target = 311336AB1D0EB1D5005ADC38 /* GaoDeMapAddOverlay_Demo */;
			targetProxy = 311336C61D0EB1D6005ADC38 /* PBXContainerItemProxy */;
		};
		311336D21D0EB1D6005ADC38 /* PBXTargetDependency */ = {
			isa = PBXTargetDependency;
			target = 311336AB1D0EB1D5005ADC38 /* GaoDeMapAddOverlay_Demo */;
			targetProxy = 311336D11D0EB1D6005ADC38 /* PBXContainerItemProxy */;
		};
/* End PBXTargetDependency section */

/* Begin PBXVariantGroup section */
		311336BD1D0EB1D6005ADC38 /* LaunchScreen.storyboard */ = {
			isa = PBXVariantGroup;
			children = (
				311336BE1D0EB1D6005ADC38 /* Base */,
			);
			name = LaunchScreen.storyboard;
			sourceTree = "<group>";
		};
/* End PBXVariantGroup section */

/* Begin XCBuildConfiguration section */
		311336D71D0EB1D6005ADC38 /* Debug */ = {
			isa = XCBuildConfiguration;
			buildSettings = {
				ALWAYS_SEARCH_USER_PATHS = NO;
				CLANG_ANALYZER_NONNULL = YES;
				CLANG_CXX_LANGUAGE_STANDARD = "gnu++0x";
				CLANG_CXX_LIBRARY = "libc++";
				CLANG_ENABLE_MODULES = YES;
				CLANG_ENABLE_OBJC_ARC = YES;
				CLANG_WARN_BOOL_CONVERSION = YES;
				CLANG_WARN_CONSTANT_CONVERSION = YES;
				CLANG_WARN_DIRECT_OBJC_ISA_USAGE = YES_ERROR;
				CLANG_WARN_EMPTY_BODY = YES;
				CLANG_WARN_ENUM_CONVERSION = YES;
				CLANG_WARN_INT_CONVERSION = YES;
				CLANG_WARN_OBJC_ROOT_CLASS = YES_ERROR;
				CLANG_WARN_UNREACHABLE_CODE = YES;
				CLANG_WARN__DUPLICATE_METHOD_MATCH = YES;
				"CODE_SIGN_IDENTITY[sdk=iphoneos*]" = "iPhone Developer";
				COPY_PHASE_STRIP = NO;
				DEBUG_INFORMATION_FORMAT = dwarf;
				ENABLE_STRICT_OBJC_MSGSEND = YES;
				ENABLE_TESTABILITY = YES;
				GCC_C_LANGUAGE_STANDARD = gnu99;
				GCC_DYNAMIC_NO_PIC = NO;
				GCC_NO_COMMON_BLOCKS = YES;
				GCC_OPTIMIZATION_LEVEL = 0;
				GCC_PREPROCESSOR_DEFINITIONS = (
					"DEBUG=1",
					"$(inherited)",
				);
				GCC_WARN_64_TO_32_BIT_CONVERSION = YES;
				GCC_WARN_ABOUT_RETURN_TYPE = YES_ERROR;
				GCC_WARN_UNDECLARED_SELECTOR = YES;
				GCC_WARN_UNINITIALIZED_AUTOS = YES_AGGRESSIVE;
				GCC_WARN_UNUSED_FUNCTION = YES;
				GCC_WARN_UNUSED_VARIABLE = YES;
				IPHONEOS_DEPLOYMENT_TARGET = 9.3;
				MTL_ENABLE_DEBUG_INFO = YES;
				ONLY_ACTIVE_ARCH = YES;
				SDKROOT = iphoneos;
			};
			name = Debug;
		};
		311336D81D0EB1D6005ADC38 /* Release */ = {
			isa = XCBuildConfiguration;
			buildSettings = {
				ALWAYS_SEARCH_USER_PATHS = NO;
				CLANG_ANALYZER_NONNULL = YES;
				CLANG_CXX_LANGUAGE_STANDARD = "gnu++0x";
				CLANG_CXX_LIBRARY = "libc++";
				CLANG_ENABLE_MODULES = YES;
				CLANG_ENABLE_OBJC_ARC = YES;
				CLANG_WARN_BOOL_CONVERSION = YES;
				CLANG_WARN_CONSTANT_CONVERSION = YES;
				CLANG_WARN_DIRECT_OBJC_ISA_USAGE = YES_ERROR;
				CLANG_WARN_EMPTY_BODY = YES;
				CLANG_WARN_ENUM_CONVERSION = YES;
				CLANG_WARN_INT_CONVERSION = YES;
				CLANG_WARN_OBJC_ROOT_CLASS = YES_ERROR;
				CLANG_WARN_UNREACHABLE_CODE = YES;
				CLANG_WARN__DUPLICATE_METHOD_MATCH = YES;
				"CODE_SIGN_IDENTITY[sdk=iphoneos*]" = "iPhone Developer";
				COPY_PHASE_STRIP = NO;
				DEBUG_INFORMATION_FORMAT = "dwarf-with-dsym";
				ENABLE_NS_ASSERTIONS = NO;
				ENABLE_STRICT_OBJC_MSGSEND = YES;
				GCC_C_LANGUAGE_STANDARD = gnu99;
				GCC_NO_COMMON_BLOCKS = YES;
				GCC_WARN_64_TO_32_BIT_CONVERSION = YES;
				GCC_WARN_ABOUT_RETURN_TYPE = YES_ERROR;
				GCC_WARN_UNDECLARED_SELECTOR = YES;
				GCC_WARN_UNINITIALIZED_AUTOS = YES_AGGRESSIVE;
				GCC_WARN_UNUSED_FUNCTION = YES;
				GCC_WARN_UNUSED_VARIABLE = YES;
				IPHONEOS_DEPLOYMENT_TARGET = 9.3;
				MTL_ENABLE_DEBUG_INFO = NO;
				SDKROOT = iphoneos;
				VALIDATE_PRODUCT = YES;
			};
			name = Release;
		};
		311336DA1D0EB1D6005ADC38 /* Debug */ = {
			isa = XCBuildConfiguration;
			baseConfigurationReference = 0BD300BD82109424095967DF /* Pods.debug.xcconfig */;
			buildSettings = {
				ASSETCATALOG_COMPILER_APPICON_NAME = AppIcon;
				CODE_SIGN_IDENTITY = "iPhone Developer";
				"CODE_SIGN_IDENTITY[sdk=iphoneos*]" = "iPhone Developer";
				INFOPLIST_FILE = GaoDeMapAddOverlay_Demo/Info.plist;
				LD_RUNPATH_SEARCH_PATHS = "$(inherited) @executable_path/Frameworks";
				PRODUCT_BUNDLE_IDENTIFIER = com.kevinAddOverlay.www;
				PRODUCT_NAME = "$(TARGET_NAME)";
				PROVISIONING_PROFILE = "";
			};
			name = Debug;
		};
		311336DB1D0EB1D6005ADC38 /* Release */ = {
			isa = XCBuildConfiguration;
			baseConfigurationReference = 2B65E9B930A584BB41714E3C /* Pods.release.xcconfig */;
			buildSettings = {
				ASSETCATALOG_COMPILER_APPICON_NAME = AppIcon;
				CODE_SIGN_IDENTITY = "iPhone Developer";
				"CODE_SIGN_IDENTITY[sdk=iphoneos*]" = "iPhone Developer";
				INFOPLIST_FILE = GaoDeMapAddOverlay_Demo/Info.plist;
				LD_RUNPATH_SEARCH_PATHS = "$(inherited) @executable_path/Frameworks";
				PRODUCT_BUNDLE_IDENTIFIER = com.kevinAddOverlay.www;
				PRODUCT_NAME = "$(TARGET_NAME)";
				PROVISIONING_PROFILE = "";
			};
			name = Release;
		};
		311336DD1D0EB1D6005ADC38 /* Debug */ = {
			isa = XCBuildConfiguration;
			buildSettings = {
				BUNDLE_LOADER = "$(TEST_HOST)";
				INFOPLIST_FILE = GaoDeMapAddOverlay_DemoTests/Info.plist;
				LD_RUNPATH_SEARCH_PATHS = "$(inherited) @executable_path/Frameworks @loader_path/Frameworks";
				PRODUCT_BUNDLE_IDENTIFIER = "com.dxykevin.www.GaoDeMapAddOverlay-DemoTests";
				PRODUCT_NAME = "$(TARGET_NAME)";
				TEST_HOST = "$(BUILT_PRODUCTS_DIR)/GaoDeMapAddOverlay_Demo.app/GaoDeMapAddOverlay_Demo";
			};
			name = Debug;
		};
		311336DE1D0EB1D6005ADC38 /* Release */ = {
			isa = XCBuildConfiguration;
			buildSettings = {
				BUNDLE_LOADER = "$(TEST_HOST)";
				INFOPLIST_FILE = GaoDeMapAddOverlay_DemoTests/Info.plist;
				LD_RUNPATH_SEARCH_PATHS = "$(inherited) @executable_path/Frameworks @loader_path/Frameworks";
				PRODUCT_BUNDLE_IDENTIFIER = "com.dxykevin.www.GaoDeMapAddOverlay-DemoTests";
				PRODUCT_NAME = "$(TARGET_NAME)";
				TEST_HOST = "$(BUILT_PRODUCTS_DIR)/GaoDeMapAddOverlay_Demo.app/GaoDeMapAddOverlay_Demo";
			};
			name = Release;
		};
		311336E01D0EB1D6005ADC38 /* Debug */ = {
			isa = XCBuildConfiguration;
			buildSettings = {
				INFOPLIST_FILE = GaoDeMapAddOverlay_DemoUITests/Info.plist;
				LD_RUNPATH_SEARCH_PATHS = "$(inherited) @executable_path/Frameworks @loader_path/Frameworks";
				PRODUCT_BUNDLE_IDENTIFIER = "com.dxykevin.www.GaoDeMapAddOverlay-DemoUITests";
				PRODUCT_NAME = "$(TARGET_NAME)";
				TEST_TARGET_NAME = GaoDeMapAddOverlay_Demo;
			};
			name = Debug;
		};
		311336E11D0EB1D6005ADC38 /* Release */ = {
			isa = XCBuildConfiguration;
			buildSettings = {
				INFOPLIST_FILE = GaoDeMapAddOverlay_DemoUITests/Info.plist;
				LD_RUNPATH_SEARCH_PATHS = "$(inherited) @executable_path/Frameworks @loader_path/Frameworks";
				PRODUCT_BUNDLE_IDENTIFIER = "com.dxykevin.www.GaoDeMapAddOverlay-DemoUITests";
				PRODUCT_NAME = "$(TARGET_NAME)";
				TEST_TARGET_NAME = GaoDeMapAddOverlay_Demo;
			};
			name = Release;
		};
/* End XCBuildConfiguration section */

/* Begin XCConfigurationList section */
		311336A71D0EB1D5005ADC38 /* Build configuration list for PBXProject "GaoDeMapAddOverlay_Demo" */ = {
			isa = XCConfigurationList;
			buildConfigurations = (
				311336D71D0EB1D6005ADC38 /* Debug */,
				311336D81D0EB1D6005ADC38 /* Release */,
			);
			defaultConfigurationIsVisible = 0;
			defaultConfigurationName = Release;
		};
		311336D91D0EB1D6005ADC38 /* Build configuration list for PBXNativeTarget "GaoDeMapAddOverlay_Demo" */ = {
			isa = XCConfigurationList;
			buildConfigurations = (
				311336DA1D0EB1D6005ADC38 /* Debug */,
				311336DB1D0EB1D6005ADC38 /* Release */,
			);
			defaultConfigurationIsVisible = 0;
			defaultConfigurationName = Release;
		};
		311336DC1D0EB1D6005ADC38 /* Build configuration list for PBXNativeTarget "GaoDeMapAddOverlay_DemoTests" */ = {
			isa = XCConfigurationList;
			buildConfigurations = (
				311336DD1D0EB1D6005ADC38 /* Debug */,
				311336DE1D0EB1D6005ADC38 /* Release */,
			);
			defaultConfigurationIsVisible = 0;
			defaultConfigurationName = Release;
		};
		311336DF1D0EB1D6005ADC38 /* Build configuration list for PBXNativeTarget "GaoDeMapAddOverlay_DemoUITests" */ = {
			isa = XCConfigurationList;
			buildConfigurations = (
				311336E01D0EB1D6005ADC38 /* Debug */,
				311336E11D0EB1D6005ADC38 /* Release */,
			);
			defaultConfigurationIsVisible = 0;
			defaultConfigurationName = Release;
		};
/* End XCConfigurationList section */
	};
	rootObject = 311336A41D0EB1D5005ADC38 /* Project object */;
}
